// !$*UTF8*$!
{
	archiveVersion = 1;
	classes = {
	};
	objectVersion = 46;
	objects = {

/* Begin PBXBuildFile section */
		93260F2815998A53000F87AF /* Bugsnag.m in Sources */ = {isa = PBXBuildFile; fileRef = 93260F2715998A53000F87AF /* Bugsnag.m */; };
		93260F8D15998AA6000F87AF /* NSObject+SBJson.m in Sources */ = {isa = PBXBuildFile; fileRef = 93260F7515998AA6000F87AF /* NSObject+SBJson.m */; };
		93260F8E15998AA6000F87AF /* SBJsonParser.m in Sources */ = {isa = PBXBuildFile; fileRef = 93260F7815998AA6000F87AF /* SBJsonParser.m */; };
		93260F8F15998AA6000F87AF /* SBJsonStreamParser.m in Sources */ = {isa = PBXBuildFile; fileRef = 93260F7A15998AA6000F87AF /* SBJsonStreamParser.m */; };
		93260F9015998AA6000F87AF /* SBJsonStreamParserAccumulator.m in Sources */ = {isa = PBXBuildFile; fileRef = 93260F7C15998AA6000F87AF /* SBJsonStreamParserAccumulator.m */; };
		93260F9115998AA6000F87AF /* SBJsonStreamParserAdapter.m in Sources */ = {isa = PBXBuildFile; fileRef = 93260F7E15998AA6000F87AF /* SBJsonStreamParserAdapter.m */; };
		93260F9215998AA6000F87AF /* SBJsonStreamParserState.m in Sources */ = {isa = PBXBuildFile; fileRef = 93260F8015998AA6000F87AF /* SBJsonStreamParserState.m */; };
		93260F9315998AA6000F87AF /* SBJsonStreamWriter.m in Sources */ = {isa = PBXBuildFile; fileRef = 93260F8215998AA6000F87AF /* SBJsonStreamWriter.m */; };
		93260F9415998AA6000F87AF /* SBJsonStreamWriterAccumulator.m in Sources */ = {isa = PBXBuildFile; fileRef = 93260F8415998AA6000F87AF /* SBJsonStreamWriterAccumulator.m */; };
		93260F9515998AA6000F87AF /* SBJsonStreamWriterState.m in Sources */ = {isa = PBXBuildFile; fileRef = 93260F8615998AA6000F87AF /* SBJsonStreamWriterState.m */; };
		93260F9615998AA6000F87AF /* SBJsonTokeniser.m in Sources */ = {isa = PBXBuildFile; fileRef = 93260F8815998AA6000F87AF /* SBJsonTokeniser.m */; };
		93260F9715998AA6000F87AF /* SBJsonUTF8Stream.m in Sources */ = {isa = PBXBuildFile; fileRef = 93260F8A15998AA6000F87AF /* SBJsonUTF8Stream.m */; };
		93260F9815998AA6000F87AF /* SBJsonWriter.m in Sources */ = {isa = PBXBuildFile; fileRef = 93260F8C15998AA6000F87AF /* SBJsonWriter.m */; };
		93F1E929142C5662005A297C /* UIKit.framework in Frameworks */ = {isa = PBXBuildFile; fileRef = 93F1E928142C5662005A297C /* UIKit.framework */; };
		93F1E92B142C5662005A297C /* Foundation.framework in Frameworks */ = {isa = PBXBuildFile; fileRef = 93F1E92A142C5662005A297C /* Foundation.framework */; };
		93F1E92D142C5662005A297C /* CoreGraphics.framework in Frameworks */ = {isa = PBXBuildFile; fileRef = 93F1E92C142C5662005A297C /* CoreGraphics.framework */; };
		93F1E954142C59EA005A297C /* Bugsnag_NotifierAppDelegate.m in Sources */ = {isa = PBXBuildFile; fileRef = 93F1E951142C59EA005A297C /* Bugsnag_NotifierAppDelegate.m */; };
		93F1E955142C59EA005A297C /* Bugsnag_NotifierViewController.m in Sources */ = {isa = PBXBuildFile; fileRef = 93F1E953142C59EA005A297C /* Bugsnag_NotifierViewController.m */; };
		93F1E95B142C5A07005A297C /* Bugsnag_NotifierViewController.xib in Resources */ = {isa = PBXBuildFile; fileRef = 93F1E957142C5A07005A297C /* Bugsnag_NotifierViewController.xib */; };
		93F1E95C142C5A07005A297C /* MainWindow.xib in Resources */ = {isa = PBXBuildFile; fileRef = 93F1E959142C5A07005A297C /* MainWindow.xib */; };
		93F1E95F142C5A15005A297C /* InfoPlist.strings in Resources */ = {isa = PBXBuildFile; fileRef = 93F1E95D142C5A15005A297C /* InfoPlist.strings */; };
		93F1E961142C5A22005A297C /* main.m in Sources */ = {isa = PBXBuildFile; fileRef = 93F1E960142C5A22005A297C /* main.m */; };
		F483048716717D8800310C2C /* BugsnagNotifier.m in Sources */ = {isa = PBXBuildFile; fileRef = F483048616717D8800310C2C /* BugsnagNotifier.m */; };
		F483048B16717D9400310C2C /* BugsnagEvent.m in Sources */ = {isa = PBXBuildFile; fileRef = F483048A16717D9400310C2C /* BugsnagEvent.m */; };
		F483048E16717E0600310C2C /* NSNumber+FileSizes.m in Sources */ = {isa = PBXBuildFile; fileRef = F483048D16717E0600310C2C /* NSNumber+FileSizes.m */; };
		F483049416718D7B00310C2C /* NSDictionary+JSON.m in Sources */ = {isa = PBXBuildFile; fileRef = F483049316718D7B00310C2C /* NSDictionary+JSON.m */; };
		F483049716719C6100310C2C /* UIViewController+Visibility.m in Sources */ = {isa = PBXBuildFile; fileRef = F483049616719C6100310C2C /* UIViewController+Visibility.m */; };
		F483049A16719C9800310C2C /* UIDevice+Stats.m in Sources */ = {isa = PBXBuildFile; fileRef = F483049916719C9800310C2C /* UIDevice+Stats.m */; };
		F483049D1671A04700310C2C /* NSMutableDictionary+Merge.m in Sources */ = {isa = PBXBuildFile; fileRef = F483049C1671A04700310C2C /* NSMutableDictionary+Merge.m */; };
		F48304A01671A6FC00310C2C /* BugsnagMetaData.m in Sources */ = {isa = PBXBuildFile; fileRef = F483049F1671A6FC00310C2C /* BugsnagMetaData.m */; };
		F48304A41671EDCB00310C2C /* Reachability.m in Sources */ = {isa = PBXBuildFile; fileRef = F48304A31671EDCB00310C2C /* Reachability.m */; };
		F48304A61671F2B800310C2C /* SystemConfiguration.framework in Frameworks */ = {isa = PBXBuildFile; fileRef = F48304A51671F2B800310C2C /* SystemConfiguration.framework */; };
		F48304A91671FB3E00310C2C /* NSNumber+Duration.m in Sources */ = {isa = PBXBuildFile; fileRef = F48304A81671FB3E00310C2C /* NSNumber+Duration.m */; };
/* End PBXBuildFile section */

/* Begin PBXFileReference section */
		93260F2615998A53000F87AF /* Bugsnag.h */ = {isa = PBXFileReference; fileEncoding = 4; lastKnownFileType = sourcecode.c.h; name = Bugsnag.h; path = "Bugsnag Plugin/Bugsnag.h"; sourceTree = "<group>"; };
		93260F2715998A53000F87AF /* Bugsnag.m */ = {isa = PBXFileReference; fileEncoding = 4; lastKnownFileType = sourcecode.c.objc; name = Bugsnag.m; path = "Bugsnag Plugin/Bugsnag.m"; sourceTree = "<group>"; };
		93260F7415998AA6000F87AF /* NSObject+SBJson.h */ = {isa = PBXFileReference; fileEncoding = 4; lastKnownFileType = sourcecode.c.h; name = "NSObject+SBJson.h"; path = "Bugsnag Notifier Test/NSObject+SBJson.h"; sourceTree = SOURCE_ROOT; };
		93260F7515998AA6000F87AF /* NSObject+SBJson.m */ = {isa = PBXFileReference; fileEncoding = 4; lastKnownFileType = sourcecode.c.objc; name = "NSObject+SBJson.m"; path = "Bugsnag Notifier Test/NSObject+SBJson.m"; sourceTree = SOURCE_ROOT; };
		93260F7615998AA6000F87AF /* SBJson.h */ = {isa = PBXFileReference; fileEncoding = 4; lastKnownFileType = sourcecode.c.h; name = SBJson.h; path = "Bugsnag Notifier Test/SBJson.h"; sourceTree = SOURCE_ROOT; };
		93260F7715998AA6000F87AF /* SBJsonParser.h */ = {isa = PBXFileReference; fileEncoding = 4; lastKnownFileType = sourcecode.c.h; name = SBJsonParser.h; path = "Bugsnag Notifier Test/SBJsonParser.h"; sourceTree = SOURCE_ROOT; };
		93260F7815998AA6000F87AF /* SBJsonParser.m */ = {isa = PBXFileReference; fileEncoding = 4; lastKnownFileType = sourcecode.c.objc; name = SBJsonParser.m; path = "Bugsnag Notifier Test/SBJsonParser.m"; sourceTree = SOURCE_ROOT; };
		93260F7915998AA6000F87AF /* SBJsonStreamParser.h */ = {isa = PBXFileReference; fileEncoding = 4; lastKnownFileType = sourcecode.c.h; name = SBJsonStreamParser.h; path = "Bugsnag Notifier Test/SBJsonStreamParser.h"; sourceTree = SOURCE_ROOT; };
		93260F7A15998AA6000F87AF /* SBJsonStreamParser.m */ = {isa = PBXFileReference; fileEncoding = 4; lastKnownFileType = sourcecode.c.objc; name = SBJsonStreamParser.m; path = "Bugsnag Notifier Test/SBJsonStreamParser.m"; sourceTree = SOURCE_ROOT; };
		93260F7B15998AA6000F87AF /* SBJsonStreamParserAccumulator.h */ = {isa = PBXFileReference; fileEncoding = 4; lastKnownFileType = sourcecode.c.h; name = SBJsonStreamParserAccumulator.h; path = "Bugsnag Notifier Test/SBJsonStreamParserAccumulator.h"; sourceTree = SOURCE_ROOT; };
		93260F7C15998AA6000F87AF /* SBJsonStreamParserAccumulator.m */ = {isa = PBXFileReference; fileEncoding = 4; lastKnownFileType = sourcecode.c.objc; name = SBJsonStreamParserAccumulator.m; path = "Bugsnag Notifier Test/SBJsonStreamParserAccumulator.m"; sourceTree = SOURCE_ROOT; };
		93260F7D15998AA6000F87AF /* SBJsonStreamParserAdapter.h */ = {isa = PBXFileReference; fileEncoding = 4; lastKnownFileType = sourcecode.c.h; name = SBJsonStreamParserAdapter.h; path = "Bugsnag Notifier Test/SBJsonStreamParserAdapter.h"; sourceTree = SOURCE_ROOT; };
		93260F7E15998AA6000F87AF /* SBJsonStreamParserAdapter.m */ = {isa = PBXFileReference; fileEncoding = 4; lastKnownFileType = sourcecode.c.objc; name = SBJsonStreamParserAdapter.m; path = "Bugsnag Notifier Test/SBJsonStreamParserAdapter.m"; sourceTree = SOURCE_ROOT; };
		93260F7F15998AA6000F87AF /* SBJsonStreamParserState.h */ = {isa = PBXFileReference; fileEncoding = 4; lastKnownFileType = sourcecode.c.h; name = SBJsonStreamParserState.h; path = "Bugsnag Notifier Test/SBJsonStreamParserState.h"; sourceTree = SOURCE_ROOT; };
		93260F8015998AA6000F87AF /* SBJsonStreamParserState.m */ = {isa = PBXFileReference; fileEncoding = 4; lastKnownFileType = sourcecode.c.objc; name = SBJsonStreamParserState.m; path = "Bugsnag Notifier Test/SBJsonStreamParserState.m"; sourceTree = SOURCE_ROOT; };
		93260F8115998AA6000F87AF /* SBJsonStreamWriter.h */ = {isa = PBXFileReference; fileEncoding = 4; lastKnownFileType = sourcecode.c.h; name = SBJsonStreamWriter.h; path = "Bugsnag Notifier Test/SBJsonStreamWriter.h"; sourceTree = SOURCE_ROOT; };
		93260F8215998AA6000F87AF /* SBJsonStreamWriter.m */ = {isa = PBXFileReference; fileEncoding = 4; lastKnownFileType = sourcecode.c.objc; name = SBJsonStreamWriter.m; path = "Bugsnag Notifier Test/SBJsonStreamWriter.m"; sourceTree = SOURCE_ROOT; };
		93260F8315998AA6000F87AF /* SBJsonStreamWriterAccumulator.h */ = {isa = PBXFileReference; fileEncoding = 4; lastKnownFileType = sourcecode.c.h; name = SBJsonStreamWriterAccumulator.h; path = "Bugsnag Notifier Test/SBJsonStreamWriterAccumulator.h"; sourceTree = SOURCE_ROOT; };
		93260F8415998AA6000F87AF /* SBJsonStreamWriterAccumulator.m */ = {isa = PBXFileReference; fileEncoding = 4; lastKnownFileType = sourcecode.c.objc; name = SBJsonStreamWriterAccumulator.m; path = "Bugsnag Notifier Test/SBJsonStreamWriterAccumulator.m"; sourceTree = SOURCE_ROOT; };
		93260F8515998AA6000F87AF /* SBJsonStreamWriterState.h */ = {isa = PBXFileReference; fileEncoding = 4; lastKnownFileType = sourcecode.c.h; name = SBJsonStreamWriterState.h; path = "Bugsnag Notifier Test/SBJsonStreamWriterState.h"; sourceTree = SOURCE_ROOT; };
		93260F8615998AA6000F87AF /* SBJsonStreamWriterState.m */ = {isa = PBXFileReference; fileEncoding = 4; lastKnownFileType = sourcecode.c.objc; name = SBJsonStreamWriterState.m; path = "Bugsnag Notifier Test/SBJsonStreamWriterState.m"; sourceTree = SOURCE_ROOT; };
		93260F8715998AA6000F87AF /* SBJsonTokeniser.h */ = {isa = PBXFileReference; fileEncoding = 4; lastKnownFileType = sourcecode.c.h; name = SBJsonTokeniser.h; path = "Bugsnag Notifier Test/SBJsonTokeniser.h"; sourceTree = SOURCE_ROOT; };
		93260F8815998AA6000F87AF /* SBJsonTokeniser.m */ = {isa = PBXFileReference; fileEncoding = 4; lastKnownFileType = sourcecode.c.objc; name = SBJsonTokeniser.m; path = "Bugsnag Notifier Test/SBJsonTokeniser.m"; sourceTree = SOURCE_ROOT; };
		93260F8915998AA6000F87AF /* SBJsonUTF8Stream.h */ = {isa = PBXFileReference; fileEncoding = 4; lastKnownFileType = sourcecode.c.h; name = SBJsonUTF8Stream.h; path = "Bugsnag Notifier Test/SBJsonUTF8Stream.h"; sourceTree = SOURCE_ROOT; };
		93260F8A15998AA6000F87AF /* SBJsonUTF8Stream.m */ = {isa = PBXFileReference; fileEncoding = 4; lastKnownFileType = sourcecode.c.objc; name = SBJsonUTF8Stream.m; path = "Bugsnag Notifier Test/SBJsonUTF8Stream.m"; sourceTree = SOURCE_ROOT; };
		93260F8B15998AA6000F87AF /* SBJsonWriter.h */ = {isa = PBXFileReference; fileEncoding = 4; lastKnownFileType = sourcecode.c.h; name = SBJsonWriter.h; path = "Bugsnag Notifier Test/SBJsonWriter.h"; sourceTree = SOURCE_ROOT; };
		93260F8C15998AA6000F87AF /* SBJsonWriter.m */ = {isa = PBXFileReference; fileEncoding = 4; lastKnownFileType = sourcecode.c.objc; name = SBJsonWriter.m; path = "Bugsnag Notifier Test/SBJsonWriter.m"; sourceTree = SOURCE_ROOT; };
		93F1E924142C5662005A297C /* Bugsnag Notifier.app */ = {isa = PBXFileReference; explicitFileType = wrapper.application; includeInIndex = 0; path = "Bugsnag Notifier.app"; sourceTree = BUILT_PRODUCTS_DIR; };
		93F1E928142C5662005A297C /* UIKit.framework */ = {isa = PBXFileReference; lastKnownFileType = wrapper.framework; name = UIKit.framework; path = System/Library/Frameworks/UIKit.framework; sourceTree = SDKROOT; };
		93F1E92A142C5662005A297C /* Foundation.framework */ = {isa = PBXFileReference; lastKnownFileType = wrapper.framework; name = Foundation.framework; path = System/Library/Frameworks/Foundation.framework; sourceTree = SDKROOT; };
		93F1E92C142C5662005A297C /* CoreGraphics.framework */ = {isa = PBXFileReference; lastKnownFileType = wrapper.framework; name = CoreGraphics.framework; path = System/Library/Frameworks/CoreGraphics.framework; sourceTree = SDKROOT; };
		93F1E950142C59EA005A297C /* Bugsnag_NotifierAppDelegate.h */ = {isa = PBXFileReference; fileEncoding = 4; lastKnownFileType = sourcecode.c.h; name = Bugsnag_NotifierAppDelegate.h; path = "Bugsnag Notifier Test/Bugsnag_NotifierAppDelegate.h"; sourceTree = SOURCE_ROOT; };
		93F1E951142C59EA005A297C /* Bugsnag_NotifierAppDelegate.m */ = {isa = PBXFileReference; fileEncoding = 4; lastKnownFileType = sourcecode.c.objc; name = Bugsnag_NotifierAppDelegate.m; path = "Bugsnag Notifier Test/Bugsnag_NotifierAppDelegate.m"; sourceTree = SOURCE_ROOT; };
		93F1E952142C59EA005A297C /* Bugsnag_NotifierViewController.h */ = {isa = PBXFileReference; fileEncoding = 4; lastKnownFileType = sourcecode.c.h; name = Bugsnag_NotifierViewController.h; path = "Bugsnag Notifier Test/Bugsnag_NotifierViewController.h"; sourceTree = SOURCE_ROOT; };
		93F1E953142C59EA005A297C /* Bugsnag_NotifierViewController.m */ = {isa = PBXFileReference; fileEncoding = 4; lastKnownFileType = sourcecode.c.objc; name = Bugsnag_NotifierViewController.m; path = "Bugsnag Notifier Test/Bugsnag_NotifierViewController.m"; sourceTree = SOURCE_ROOT; };
		93F1E958142C5A07005A297C /* en */ = {isa = PBXFileReference; lastKnownFileType = file.xib; name = en; path = "Bugsnag Notifier Test/en.lproj/Bugsnag_NotifierViewController.xib"; sourceTree = SOURCE_ROOT; };
		93F1E95A142C5A07005A297C /* en */ = {isa = PBXFileReference; lastKnownFileType = file.xib; name = en; path = "Bugsnag Notifier Test/en.lproj/MainWindow.xib"; sourceTree = SOURCE_ROOT; };
		93F1E95E142C5A15005A297C /* en */ = {isa = PBXFileReference; lastKnownFileType = text.plist.strings; name = en; path = "Bugsnag Notifier Test/en.lproj/InfoPlist.strings"; sourceTree = SOURCE_ROOT; };
		93F1E960142C5A22005A297C /* main.m */ = {isa = PBXFileReference; fileEncoding = 4; lastKnownFileType = sourcecode.c.objc; name = main.m; path = "Bugsnag Notifier Test/main.m"; sourceTree = SOURCE_ROOT; };
		93F1E962142C5A30005A297C /* Bugsnag Notifier-Info.plist */ = {isa = PBXFileReference; fileEncoding = 4; lastKnownFileType = text.plist.xml; name = "Bugsnag Notifier-Info.plist"; path = "Bugsnag Notifier Test/Bugsnag Notifier-Info.plist"; sourceTree = SOURCE_ROOT; };
		93F1E963142C5A30005A297C /* Bugsnag Notifier-Prefix.pch */ = {isa = PBXFileReference; fileEncoding = 4; lastKnownFileType = sourcecode.c.h; name = "Bugsnag Notifier-Prefix.pch"; path = "Bugsnag Notifier Test/Bugsnag Notifier-Prefix.pch"; sourceTree = SOURCE_ROOT; };
		F483048516717D8800310C2C /* BugsnagNotifier.h */ = {isa = PBXFileReference; fileEncoding = 4; lastKnownFileType = sourcecode.c.h; name = BugsnagNotifier.h; path = "Bugsnag Plugin/BugsnagNotifier.h"; sourceTree = "<group>"; };
		F483048616717D8800310C2C /* BugsnagNotifier.m */ = {isa = PBXFileReference; fileEncoding = 4; lastKnownFileType = sourcecode.c.objc; name = BugsnagNotifier.m; path = "Bugsnag Plugin/BugsnagNotifier.m"; sourceTree = "<group>"; };
		F483048916717D9400310C2C /* BugsnagEvent.h */ = {isa = PBXFileReference; fileEncoding = 4; lastKnownFileType = sourcecode.c.h; name = BugsnagEvent.h; path = "Bugsnag Plugin/BugsnagEvent.h"; sourceTree = "<group>"; };
		F483048A16717D9400310C2C /* BugsnagEvent.m */ = {isa = PBXFileReference; fileEncoding = 4; lastKnownFileType = sourcecode.c.objc; name = BugsnagEvent.m; path = "Bugsnag Plugin/BugsnagEvent.m"; sourceTree = "<group>"; };
		F483048C16717E0600310C2C /* NSNumber+FileSizes.h */ = {isa = PBXFileReference; fileEncoding = 4; lastKnownFileType = sourcecode.c.h; name = "NSNumber+FileSizes.h"; path = "Bugsnag Plugin/NSNumber+FileSizes.h"; sourceTree = "<group>"; };
		F483048D16717E0600310C2C /* NSNumber+FileSizes.m */ = {isa = PBXFileReference; fileEncoding = 4; lastKnownFileType = sourcecode.c.objc; name = "NSNumber+FileSizes.m"; path = "Bugsnag Plugin/NSNumber+FileSizes.m"; sourceTree = "<group>"; };
		F483048F167184CF00310C2C /* BugsnagLogging.h */ = {isa = PBXFileReference; fileEncoding = 4; lastKnownFileType = sourcecode.c.h; name = BugsnagLogging.h; path = "Bugsnag Plugin/BugsnagLogging.h"; sourceTree = "<group>"; };
		F483049216718D7B00310C2C /* NSDictionary+JSON.h */ = {isa = PBXFileReference; fileEncoding = 4; lastKnownFileType = sourcecode.c.h; name = "NSDictionary+JSON.h"; path = "Bugsnag Plugin/NSDictionary+JSON.h"; sourceTree = "<group>"; };
		F483049316718D7B00310C2C /* NSDictionary+JSON.m */ = {isa = PBXFileReference; fileEncoding = 4; lastKnownFileType = sourcecode.c.objc; name = "NSDictionary+JSON.m"; path = "Bugsnag Plugin/NSDictionary+JSON.m"; sourceTree = "<group>"; };
		F483049516719C6100310C2C /* UIViewController+Visibility.h */ = {isa = PBXFileReference; fileEncoding = 4; lastKnownFileType = sourcecode.c.h; name = "UIViewController+Visibility.h"; path = "Bugsnag Plugin/UIViewController+Visibility.h"; sourceTree = "<group>"; };
		F483049616719C6100310C2C /* UIViewController+Visibility.m */ = {isa = PBXFileReference; fileEncoding = 4; lastKnownFileType = sourcecode.c.objc; name = "UIViewController+Visibility.m"; path = "Bugsnag Plugin/UIViewController+Visibility.m"; sourceTree = "<group>"; };
		F483049816719C9800310C2C /* UIDevice+Stats.h */ = {isa = PBXFileReference; fileEncoding = 4; lastKnownFileType = sourcecode.c.h; name = "UIDevice+Stats.h"; path = "Bugsnag Plugin/UIDevice+Stats.h"; sourceTree = "<group>"; };
		F483049916719C9800310C2C /* UIDevice+Stats.m */ = {isa = PBXFileReference; fileEncoding = 4; lastKnownFileType = sourcecode.c.objc; name = "UIDevice+Stats.m"; path = "Bugsnag Plugin/UIDevice+Stats.m"; sourceTree = "<group>"; };
		F483049B1671A04700310C2C /* NSMutableDictionary+Merge.h */ = {isa = PBXFileReference; fileEncoding = 4; lastKnownFileType = sourcecode.c.h; name = "NSMutableDictionary+Merge.h"; path = "Bugsnag Plugin/NSMutableDictionary+Merge.h"; sourceTree = "<group>"; };
		F483049C1671A04700310C2C /* NSMutableDictionary+Merge.m */ = {isa = PBXFileReference; fileEncoding = 4; lastKnownFileType = sourcecode.c.objc; name = "NSMutableDictionary+Merge.m"; path = "Bugsnag Plugin/NSMutableDictionary+Merge.m"; sourceTree = "<group>"; };
		F483049E1671A6FC00310C2C /* BugsnagMetaData.h */ = {isa = PBXFileReference; fileEncoding = 4; lastKnownFileType = sourcecode.c.h; name = BugsnagMetaData.h; path = "Bugsnag Plugin/BugsnagMetaData.h"; sourceTree = "<group>"; };
		F483049F1671A6FC00310C2C /* BugsnagMetaData.m */ = {isa = PBXFileReference; fileEncoding = 4; lastKnownFileType = sourcecode.c.objc; name = BugsnagMetaData.m; path = "Bugsnag Plugin/BugsnagMetaData.m"; sourceTree = "<group>"; };
		F48304A11671BA8300310C2C /* BugsnagPrivate.h */ = {isa = PBXFileReference; fileEncoding = 4; lastKnownFileType = sourcecode.c.h; name = BugsnagPrivate.h; path = "Bugsnag Plugin/BugsnagPrivate.h"; sourceTree = "<group>"; };
		F48304A21671EDCA00310C2C /* Reachability.h */ = {isa = PBXFileReference; fileEncoding = 4; lastKnownFileType = sourcecode.c.h; path = Reachability.h; sourceTree = "<group>"; };
		F48304A31671EDCB00310C2C /* Reachability.m */ = {isa = PBXFileReference; fileEncoding = 4; lastKnownFileType = sourcecode.c.objc; path = Reachability.m; sourceTree = "<group>"; };
		F48304A51671F2B800310C2C /* SystemConfiguration.framework */ = {isa = PBXFileReference; lastKnownFileType = wrapper.framework; name = SystemConfiguration.framework; path = System/Library/Frameworks/SystemConfiguration.framework; sourceTree = SDKROOT; };
		F48304A71671FB3D00310C2C /* NSNumber+Duration.h */ = {isa = PBXFileReference; fileEncoding = 4; lastKnownFileType = sourcecode.c.h; name = "NSNumber+Duration.h"; path = "Bugsnag Plugin/NSNumber+Duration.h"; sourceTree = "<group>"; };
		F48304A81671FB3E00310C2C /* NSNumber+Duration.m */ = {isa = PBXFileReference; fileEncoding = 4; lastKnownFileType = sourcecode.c.objc; name = "NSNumber+Duration.m"; path = "Bugsnag Plugin/NSNumber+Duration.m"; sourceTree = "<group>"; };
/* End PBXFileReference section */

/* Begin PBXFrameworksBuildPhase section */
		93F1E921142C5662005A297C /* Frameworks */ = {
			isa = PBXFrameworksBuildPhase;
			buildActionMask = 2147483647;
			files = (
				F48304A61671F2B800310C2C /* SystemConfiguration.framework in Frameworks */,
				93F1E929142C5662005A297C /* UIKit.framework in Frameworks */,
				93F1E92B142C5662005A297C /* Foundation.framework in Frameworks */,
				93F1E92D142C5662005A297C /* CoreGraphics.framework in Frameworks */,
			);
			runOnlyForDeploymentPostprocessing = 0;
		};
/* End PBXFrameworksBuildPhase section */

/* Begin PBXGroup section */
		93260F7315998A9B000F87AF /* JSON */ = {
			isa = PBXGroup;
			children = (
				93260F7415998AA6000F87AF /* NSObject+SBJson.h */,
				93260F7515998AA6000F87AF /* NSObject+SBJson.m */,
				93260F7615998AA6000F87AF /* SBJson.h */,
				93260F7715998AA6000F87AF /* SBJsonParser.h */,
				93260F7815998AA6000F87AF /* SBJsonParser.m */,
				93260F7915998AA6000F87AF /* SBJsonStreamParser.h */,
				93260F7A15998AA6000F87AF /* SBJsonStreamParser.m */,
				93260F7B15998AA6000F87AF /* SBJsonStreamParserAccumulator.h */,
				93260F7C15998AA6000F87AF /* SBJsonStreamParserAccumulator.m */,
				93260F7D15998AA6000F87AF /* SBJsonStreamParserAdapter.h */,
				93260F7E15998AA6000F87AF /* SBJsonStreamParserAdapter.m */,
				93260F7F15998AA6000F87AF /* SBJsonStreamParserState.h */,
				93260F8015998AA6000F87AF /* SBJsonStreamParserState.m */,
				93260F8115998AA6000F87AF /* SBJsonStreamWriter.h */,
				93260F8215998AA6000F87AF /* SBJsonStreamWriter.m */,
				93260F8315998AA6000F87AF /* SBJsonStreamWriterAccumulator.h */,
				93260F8415998AA6000F87AF /* SBJsonStreamWriterAccumulator.m */,
				93260F8515998AA6000F87AF /* SBJsonStreamWriterState.h */,
				93260F8615998AA6000F87AF /* SBJsonStreamWriterState.m */,
				93260F8715998AA6000F87AF /* SBJsonTokeniser.h */,
				93260F8815998AA6000F87AF /* SBJsonTokeniser.m */,
				93260F8915998AA6000F87AF /* SBJsonUTF8Stream.h */,
				93260F8A15998AA6000F87AF /* SBJsonUTF8Stream.m */,
				93260F8B15998AA6000F87AF /* SBJsonWriter.h */,
				93260F8C15998AA6000F87AF /* SBJsonWriter.m */,
			);
			name = JSON;
			sourceTree = "<group>";
		};
		93F1E919142C5662005A297C = {
			isa = PBXGroup;
			children = (
				F48304A51671F2B800310C2C /* SystemConfiguration.framework */,
				93F1E968142C5A60005A297C /* Bugsnag Notifier */,
				93F1E92E142C5662005A297C /* Bugsnag Notifier Test */,
				93F1E927142C5662005A297C /* Frameworks */,
				93F1E925142C5662005A297C /* Products */,
			);
			sourceTree = "<group>";
		};
		93F1E925142C5662005A297C /* Products */ = {
			isa = PBXGroup;
			children = (
				93F1E924142C5662005A297C /* Bugsnag Notifier.app */,
			);
			name = Products;
			sourceTree = "<group>";
		};
		93F1E927142C5662005A297C /* Frameworks */ = {
			isa = PBXGroup;
			children = (
				93F1E928142C5662005A297C /* UIKit.framework */,
				93F1E92A142C5662005A297C /* Foundation.framework */,
				93F1E92C142C5662005A297C /* CoreGraphics.framework */,
			);
			name = Frameworks;
			sourceTree = "<group>";
		};
		93F1E92E142C5662005A297C /* Bugsnag Notifier Test */ = {
			isa = PBXGroup;
			children = (
				93260F7315998A9B000F87AF /* JSON */,
				93F1E957142C5A07005A297C /* Bugsnag_NotifierViewController.xib */,
				93F1E959142C5A07005A297C /* MainWindow.xib */,
				93F1E950142C59EA005A297C /* Bugsnag_NotifierAppDelegate.h */,
				93F1E951142C59EA005A297C /* Bugsnag_NotifierAppDelegate.m */,
				93F1E952142C59EA005A297C /* Bugsnag_NotifierViewController.h */,
				93F1E953142C59EA005A297C /* Bugsnag_NotifierViewController.m */,
				93F1E92F142C5662005A297C /* Supporting Files */,
			);
			name = "Bugsnag Notifier Test";
			path = "Bugsnag Notifier";
			sourceTree = "<group>";
		};
		93F1E92F142C5662005A297C /* Supporting Files */ = {
			isa = PBXGroup;
			children = (
				93F1E95D142C5A15005A297C /* InfoPlist.strings */,
				93F1E962142C5A30005A297C /* Bugsnag Notifier-Info.plist */,
				93F1E963142C5A30005A297C /* Bugsnag Notifier-Prefix.pch */,
				93F1E960142C5A22005A297C /* main.m */,
			);
			name = "Supporting Files";
			sourceTree = "<group>";
		};
		93F1E968142C5A60005A297C /* Bugsnag Notifier */ = {
			isa = PBXGroup;
			children = (
				93260F2615998A53000F87AF /* Bugsnag.h */,
				93260F2715998A53000F87AF /* Bugsnag.m */,
				F483048916717D9400310C2C /* BugsnagEvent.h */,
				F483048A16717D9400310C2C /* BugsnagEvent.m */,
				F483048F167184CF00310C2C /* BugsnagLogging.h */,
				F483049E1671A6FC00310C2C /* BugsnagMetaData.h */,
				F483049F1671A6FC00310C2C /* BugsnagMetaData.m */,
				F483048516717D8800310C2C /* BugsnagNotifier.h */,
				F483048616717D8800310C2C /* BugsnagNotifier.m */,
				F48304A11671BA8300310C2C /* BugsnagPrivate.h */,
				F48304A71671FB3D00310C2C /* NSNumber+Duration.h */,
				F48304A81671FB3E00310C2C /* NSNumber+Duration.m */,
				F483049216718D7B00310C2C /* NSDictionary+JSON.h */,
				F483049316718D7B00310C2C /* NSDictionary+JSON.m */,
				F483049B1671A04700310C2C /* NSMutableDictionary+Merge.h */,
				F483049C1671A04700310C2C /* NSMutableDictionary+Merge.m */,
				F483048C16717E0600310C2C /* NSNumber+FileSizes.h */,
				F483048D16717E0600310C2C /* NSNumber+FileSizes.m */,
				F48304A21671EDCA00310C2C /* Reachability.h */,
				F48304A31671EDCB00310C2C /* Reachability.m */,
				F483049816719C9800310C2C /* UIDevice+Stats.h */,
				F483049916719C9800310C2C /* UIDevice+Stats.m */,
				F483049516719C6100310C2C /* UIViewController+Visibility.h */,
				F483049616719C6100310C2C /* UIViewController+Visibility.m */,
			);
			name = "Bugsnag Notifier";
			sourceTree = "<group>";
		};
/* End PBXGroup section */

/* Begin PBXNativeTarget section */
		93F1E923142C5662005A297C /* Bugsnag Notifier */ = {
			isa = PBXNativeTarget;
			buildConfigurationList = 93F1E945142C5662005A297C /* Build configuration list for PBXNativeTarget "Bugsnag Notifier" */;
			buildPhases = (
				93F1E920142C5662005A297C /* Sources */,
				93F1E921142C5662005A297C /* Frameworks */,
				93F1E922142C5662005A297C /* Resources */,
			);
			buildRules = (
			);
			dependencies = (
			);
			name = "Bugsnag Notifier";
			productName = "Bugsnag Notifier";
			productReference = 93F1E924142C5662005A297C /* Bugsnag Notifier.app */;
			productType = "com.apple.product-type.application";
		};
/* End PBXNativeTarget section */

/* Begin PBXProject section */
		93F1E91B142C5662005A297C /* Project object */ = {
			isa = PBXProject;
			attributes = {
				LastUpgradeCheck = 0430;
			};
			buildConfigurationList = 93F1E91E142C5662005A297C /* Build configuration list for PBXProject "Bugsnag Notifier" */;
			compatibilityVersion = "Xcode 3.2";
			developmentRegion = English;
			hasScannedForEncodings = 0;
			knownRegions = (
				en,
			);
			mainGroup = 93F1E919142C5662005A297C;
			productRefGroup = 93F1E925142C5662005A297C /* Products */;
			projectDirPath = "";
			projectRoot = "";
			targets = (
				93F1E923142C5662005A297C /* Bugsnag Notifier */,
			);
		};
/* End PBXProject section */

/* Begin PBXResourcesBuildPhase section */
		93F1E922142C5662005A297C /* Resources */ = {
			isa = PBXResourcesBuildPhase;
			buildActionMask = 2147483647;
			files = (
				93F1E95B142C5A07005A297C /* Bugsnag_NotifierViewController.xib in Resources */,
				93F1E95C142C5A07005A297C /* MainWindow.xib in Resources */,
				93F1E95F142C5A15005A297C /* InfoPlist.strings in Resources */,
			);
			runOnlyForDeploymentPostprocessing = 0;
		};
/* End PBXResourcesBuildPhase section */

/* Begin PBXSourcesBuildPhase section */
		93F1E920142C5662005A297C /* Sources */ = {
			isa = PBXSourcesBuildPhase;
			buildActionMask = 2147483647;
			files = (
				93F1E954142C59EA005A297C /* Bugsnag_NotifierAppDelegate.m in Sources */,
				93F1E955142C59EA005A297C /* Bugsnag_NotifierViewController.m in Sources */,
				93F1E961142C5A22005A297C /* main.m in Sources */,
				93260F2815998A53000F87AF /* Bugsnag.m in Sources */,
				93260F8D15998AA6000F87AF /* NSObject+SBJson.m in Sources */,
				93260F8E15998AA6000F87AF /* SBJsonParser.m in Sources */,
				93260F8F15998AA6000F87AF /* SBJsonStreamParser.m in Sources */,
				93260F9015998AA6000F87AF /* SBJsonStreamParserAccumulator.m in Sources */,
				93260F9115998AA6000F87AF /* SBJsonStreamParserAdapter.m in Sources */,
				93260F9215998AA6000F87AF /* SBJsonStreamParserState.m in Sources */,
				93260F9315998AA6000F87AF /* SBJsonStreamWriter.m in Sources */,
				93260F9415998AA6000F87AF /* SBJsonStreamWriterAccumulator.m in Sources */,
				93260F9515998AA6000F87AF /* SBJsonStreamWriterState.m in Sources */,
				93260F9615998AA6000F87AF /* SBJsonTokeniser.m in Sources */,
				93260F9715998AA6000F87AF /* SBJsonUTF8Stream.m in Sources */,
				93260F9815998AA6000F87AF /* SBJsonWriter.m in Sources */,
				F483048716717D8800310C2C /* BugsnagNotifier.m in Sources */,
				F483048B16717D9400310C2C /* BugsnagEvent.m in Sources */,
				F483048E16717E0600310C2C /* NSNumber+FileSizes.m in Sources */,
				F483049416718D7B00310C2C /* NSDictionary+JSON.m in Sources */,
				F483049716719C6100310C2C /* UIViewController+Visibility.m in Sources */,
				F483049A16719C9800310C2C /* UIDevice+Stats.m in Sources */,
				F483049D1671A04700310C2C /* NSMutableDictionary+Merge.m in Sources */,
				F48304A01671A6FC00310C2C /* BugsnagMetaData.m in Sources */,
				F48304A41671EDCB00310C2C /* Reachability.m in Sources */,
				F48304A91671FB3E00310C2C /* NSNumber+Duration.m in Sources */,
			);
			runOnlyForDeploymentPostprocessing = 0;
		};
/* End PBXSourcesBuildPhase section */

/* Begin PBXVariantGroup section */
		93F1E957142C5A07005A297C /* Bugsnag_NotifierViewController.xib */ = {
			isa = PBXVariantGroup;
			children = (
				93F1E958142C5A07005A297C /* en */,
			);
			name = Bugsnag_NotifierViewController.xib;
			sourceTree = "<group>";
		};
		93F1E959142C5A07005A297C /* MainWindow.xib */ = {
			isa = PBXVariantGroup;
			children = (
				93F1E95A142C5A07005A297C /* en */,
			);
			name = MainWindow.xib;
			sourceTree = "<group>";
		};
		93F1E95D142C5A15005A297C /* InfoPlist.strings */ = {
			isa = PBXVariantGroup;
			children = (
				93F1E95E142C5A15005A297C /* en */,
			);
			name = InfoPlist.strings;
			sourceTree = "<group>";
		};
/* End PBXVariantGroup section */

/* Begin XCBuildConfiguration section */
		93F1E943142C5662005A297C /* Debug */ = {
			isa = XCBuildConfiguration;
			buildSettings = {
				ALWAYS_SEARCH_USER_PATHS = NO;
				ARCHS = "$(ARCHS_STANDARD_32_BIT)";
				"CODE_SIGN_IDENTITY[sdk=iphoneos*]" = "iPhone Developer";
				COPY_PHASE_STRIP = NO;
				DEPLOYMENT_POSTPROCESSING = NO;
				GCC_C_LANGUAGE_STANDARD = gnu99;
				GCC_DYNAMIC_NO_PIC = NO;
				GCC_OPTIMIZATION_LEVEL = 0;
				GCC_PREPROCESSOR_DEFINITIONS = (
					"DEBUG=1",
					"$(inherited)",
				);
				GCC_SYMBOLS_PRIVATE_EXTERN = NO;
				GCC_VERSION = com.apple.compilers.llvmgcc42;
				GCC_WARN_ABOUT_MISSING_PROTOTYPES = YES;
				GCC_WARN_ABOUT_RETURN_TYPE = YES;
				GCC_WARN_UNUSED_VARIABLE = YES;
				IPHONEOS_DEPLOYMENT_TARGET = 4.3;
				SDKROOT = iphoneos;
				STRIP_INSTALLED_PRODUCT = NO;
			};
			name = Debug;
		};
		93F1E944142C5662005A297C /* Release */ = {
			isa = XCBuildConfiguration;
			buildSettings = {
				ALWAYS_SEARCH_USER_PATHS = NO;
				ARCHS = "$(ARCHS_STANDARD_32_BIT)";
				"CODE_SIGN_IDENTITY[sdk=iphoneos*]" = "iPhone Developer";
				COPY_PHASE_STRIP = NO;
				DEPLOYMENT_POSTPROCESSING = NO;
				GCC_C_LANGUAGE_STANDARD = gnu99;
				GCC_VERSION = com.apple.compilers.llvmgcc42;
				GCC_WARN_ABOUT_MISSING_PROTOTYPES = YES;
				GCC_WARN_ABOUT_RETURN_TYPE = YES;
				GCC_WARN_UNUSED_VARIABLE = YES;
				IPHONEOS_DEPLOYMENT_TARGET = 4.3;
				OTHER_CFLAGS = "-DNS_BLOCK_ASSERTIONS=1";
				SDKROOT = iphoneos;
				STRIP_INSTALLED_PRODUCT = NO;
				VALIDATE_PRODUCT = YES;
			};
			name = Release;
		};
		93F1E946142C5662005A297C /* Debug */ = {
			isa = XCBuildConfiguration;
			buildSettings = {
				COPY_PHASE_STRIP = NO;
				DEPLOYMENT_POSTPROCESSING = NO;
				GCC_PRECOMPILE_PREFIX_HEADER = YES;
				GCC_PREFIX_HEADER = "Bugsnag Notifier Test/Bugsnag Notifier-Prefix.pch";
				GCC_VERSION = com.apple.compilers.llvm.clang.1_0;
				INFOPLIST_FILE = "Bugsnag Notifier Test/Bugsnag Notifier-Info.plist";
				IPHONEOS_DEPLOYMENT_TARGET = 4.0;
				PRODUCT_NAME = "Bugsnag Notifier";
				STRIP_INSTALLED_PRODUCT = NO;
				WRAPPER_EXTENSION = app;
			};
			name = Debug;
		};
		93F1E947142C5662005A297C /* Release */ = {
			isa = XCBuildConfiguration;
			buildSettings = {
				COPY_PHASE_STRIP = NO;
				DEPLOYMENT_POSTPROCESSING = NO;
				GCC_PRECOMPILE_PREFIX_HEADER = YES;
				GCC_PREFIX_HEADER = "Bugsnag Notifier Test/Bugsnag Notifier-Prefix.pch";
				GCC_VERSION = com.apple.compilers.llvm.clang.1_0;
				INFOPLIST_FILE = "Bugsnag Notifier Test/Bugsnag Notifier-Info.plist";
				IPHONEOS_DEPLOYMENT_TARGET = 4.0;
				PRODUCT_NAME = "Bugsnag Notifier";
				STRIP_INSTALLED_PRODUCT = NO;
				WRAPPER_EXTENSION = app;
			};
			name = Release;
		};
/* End XCBuildConfiguration section */

/* Begin XCConfigurationList section */
		93F1E91E142C5662005A297C /* Build configuration list for PBXProject "Bugsnag Notifier" */ = {
			isa = XCConfigurationList;
			buildConfigurations = (
				93F1E943142C5662005A297C /* Debug */,
				93F1E944142C5662005A297C /* Release */,
			);
			defaultConfigurationIsVisible = 0;
			defaultConfigurationName = Release;
		};
		93F1E945142C5662005A297C /* Build configuration list for PBXNativeTarget "Bugsnag Notifier" */ = {
			isa = XCConfigurationList;
			buildConfigurations = (
				93F1E946142C5662005A297C /* Debug */,
				93F1E947142C5662005A297C /* Release */,
			);
			defaultConfigurationIsVisible = 0;
			defaultConfigurationName = Release;
		};
/* End XCConfigurationList section */
	};
	rootObject = 93F1E91B142C5662005A297C /* Project object */;
}
