// !$*UTF8*$!
{
	archiveVersion = 1;
	classes = {
	};
	objectVersion = 46;
	objects = {

/* Begin PBXBuildFile section */
		93F1E929142C5662005A297C /* UIKit.framework in Frameworks */ = {isa = PBXBuildFile; fileRef = 93F1E928142C5662005A297C /* UIKit.framework */; };
		93F1E92B142C5662005A297C /* Foundation.framework in Frameworks */ = {isa = PBXBuildFile; fileRef = 93F1E92A142C5662005A297C /* Foundation.framework */; };
		93F1E92D142C5662005A297C /* CoreGraphics.framework in Frameworks */ = {isa = PBXBuildFile; fileRef = 93F1E92C142C5662005A297C /* CoreGraphics.framework */; };
		93F1E954142C59EA005A297C /* Bugsnag_NotifierAppDelegate.m in Sources */ = {isa = PBXBuildFile; fileRef = 93F1E951142C59EA005A297C /* Bugsnag_NotifierAppDelegate.m */; };
		93F1E955142C59EA005A297C /* Bugsnag_NotifierViewController.m in Sources */ = {isa = PBXBuildFile; fileRef = 93F1E953142C59EA005A297C /* Bugsnag_NotifierViewController.m */; };
		93F1E95B142C5A07005A297C /* Bugsnag_NotifierViewController.xib in Resources */ = {isa = PBXBuildFile; fileRef = 93F1E957142C5A07005A297C /* Bugsnag_NotifierViewController.xib */; };
		93F1E95C142C5A07005A297C /* MainWindow.xib in Resources */ = {isa = PBXBuildFile; fileRef = 93F1E959142C5A07005A297C /* MainWindow.xib */; };
		93F1E95F142C5A15005A297C /* InfoPlist.strings in Resources */ = {isa = PBXBuildFile; fileRef = 93F1E95D142C5A15005A297C /* InfoPlist.strings */; };
		93F1E961142C5A22005A297C /* main.m in Sources */ = {isa = PBXBuildFile; fileRef = 93F1E960142C5A22005A297C /* main.m */; };
		F48304A61671F2B800310C2C /* SystemConfiguration.framework in Frameworks */ = {isa = PBXBuildFile; fileRef = F48304A51671F2B800310C2C /* SystemConfiguration.framework */; };
		F4A4859C16AA0E2500CAD26D /* Default-568h@2x.png in Resources */ = {isa = PBXBuildFile; fileRef = F4A4859B16AA0E2500CAD26D /* Default-568h@2x.png */; };
		F4E0563B16AA4CC50047503D /* Bugsnag.m in Sources */ = {isa = PBXBuildFile; fileRef = F4E0562216AA4CC50047503D /* Bugsnag.m */; };
		F4E0563C16AA4CC50047503D /* BugsnagEvent.m in Sources */ = {isa = PBXBuildFile; fileRef = F4E0562416AA4CC50047503D /* BugsnagEvent.m */; };
		F4E0563D16AA4CC50047503D /* BugsnagMetaData.m in Sources */ = {isa = PBXBuildFile; fileRef = F4E0562716AA4CC50047503D /* BugsnagMetaData.m */; };
		F4E0563E16AA4CC50047503D /* BugsnagNotifier.m in Sources */ = {isa = PBXBuildFile; fileRef = F4E0562916AA4CC50047503D /* BugsnagNotifier.m */; };
		F4E0563F16AA4CC50047503D /* NSDictionary+BSJSON.m in Sources */ = {isa = PBXBuildFile; fileRef = F4E0562D16AA4CC50047503D /* NSDictionary+BSJSON.m */; };
		F4E0564016AA4CC50047503D /* NSMutableDictionary+BSMerge.m in Sources */ = {isa = PBXBuildFile; fileRef = F4E0562F16AA4CC50047503D /* NSMutableDictionary+BSMerge.m */; };
		F4E0564116AA4CC50047503D /* NSNumber+BSDuration.m in Sources */ = {isa = PBXBuildFile; fileRef = F4E0563116AA4CC50047503D /* NSNumber+BSDuration.m */; };
		F4E0564216AA4CC50047503D /* NSNumber+BSFileSizes.m in Sources */ = {isa = PBXBuildFile; fileRef = F4E0563316AA4CC50047503D /* NSNumber+BSFileSizes.m */; };
		F4E0564316AA4CC50047503D /* UIDevice+BSStats.m in Sources */ = {isa = PBXBuildFile; fileRef = F4E0563516AA4CC50047503D /* UIDevice+BSStats.m */; };
		F4E0564416AA4CC50047503D /* UIViewController+BSVisibility.m in Sources */ = {isa = PBXBuildFile; fileRef = F4E0563716AA4CC50047503D /* UIViewController+BSVisibility.m */; };
		F4E0564516AA4CC50047503D /* Reachability.m in Sources */ = {isa = PBXBuildFile; fileRef = F4E0563A16AA4CC50047503D /* Reachability.m */; };
/* End PBXBuildFile section */

/* Begin PBXFileReference section */
		93F1E924142C5662005A297C /* Bugsnag Notifier.app */ = {isa = PBXFileReference; explicitFileType = wrapper.application; includeInIndex = 0; path = "Bugsnag Notifier.app"; sourceTree = BUILT_PRODUCTS_DIR; };
		93F1E928142C5662005A297C /* UIKit.framework */ = {isa = PBXFileReference; lastKnownFileType = wrapper.framework; name = UIKit.framework; path = System/Library/Frameworks/UIKit.framework; sourceTree = SDKROOT; };
		93F1E92A142C5662005A297C /* Foundation.framework */ = {isa = PBXFileReference; lastKnownFileType = wrapper.framework; name = Foundation.framework; path = System/Library/Frameworks/Foundation.framework; sourceTree = SDKROOT; };
		93F1E92C142C5662005A297C /* CoreGraphics.framework */ = {isa = PBXFileReference; lastKnownFileType = wrapper.framework; name = CoreGraphics.framework; path = System/Library/Frameworks/CoreGraphics.framework; sourceTree = SDKROOT; };
		93F1E950142C59EA005A297C /* Bugsnag_NotifierAppDelegate.h */ = {isa = PBXFileReference; fileEncoding = 4; lastKnownFileType = sourcecode.c.h; name = Bugsnag_NotifierAppDelegate.h; path = "Bugsnag Notifier Test/Bugsnag_NotifierAppDelegate.h"; sourceTree = SOURCE_ROOT; };
		93F1E951142C59EA005A297C /* Bugsnag_NotifierAppDelegate.m */ = {isa = PBXFileReference; fileEncoding = 4; lastKnownFileType = sourcecode.c.objc; name = Bugsnag_NotifierAppDelegate.m; path = "Bugsnag Notifier Test/Bugsnag_NotifierAppDelegate.m"; sourceTree = SOURCE_ROOT; };
		93F1E952142C59EA005A297C /* Bugsnag_NotifierViewController.h */ = {isa = PBXFileReference; fileEncoding = 4; lastKnownFileType = sourcecode.c.h; name = Bugsnag_NotifierViewController.h; path = "Bugsnag Notifier Test/Bugsnag_NotifierViewController.h"; sourceTree = SOURCE_ROOT; };
		93F1E953142C59EA005A297C /* Bugsnag_NotifierViewController.m */ = {isa = PBXFileReference; fileEncoding = 4; lastKnownFileType = sourcecode.c.objc; name = Bugsnag_NotifierViewController.m; path = "Bugsnag Notifier Test/Bugsnag_NotifierViewController.m"; sourceTree = SOURCE_ROOT; };
		93F1E958142C5A07005A297C /* en */ = {isa = PBXFileReference; lastKnownFileType = file.xib; name = en; path = "Bugsnag Notifier Test/en.lproj/Bugsnag_NotifierViewController.xib"; sourceTree = SOURCE_ROOT; };
		93F1E95A142C5A07005A297C /* en */ = {isa = PBXFileReference; lastKnownFileType = file.xib; name = en; path = "Bugsnag Notifier Test/en.lproj/MainWindow.xib"; sourceTree = SOURCE_ROOT; };
		93F1E95E142C5A15005A297C /* en */ = {isa = PBXFileReference; lastKnownFileType = text.plist.strings; name = en; path = "Bugsnag Notifier Test/en.lproj/InfoPlist.strings"; sourceTree = SOURCE_ROOT; };
		93F1E960142C5A22005A297C /* main.m */ = {isa = PBXFileReference; fileEncoding = 4; lastKnownFileType = sourcecode.c.objc; name = main.m; path = "Bugsnag Notifier Test/main.m"; sourceTree = SOURCE_ROOT; };
		93F1E962142C5A30005A297C /* Bugsnag Notifier-Info.plist */ = {isa = PBXFileReference; fileEncoding = 4; lastKnownFileType = text.plist.xml; name = "Bugsnag Notifier-Info.plist"; path = "Bugsnag Notifier Test/Bugsnag Notifier-Info.plist"; sourceTree = SOURCE_ROOT; };
		93F1E963142C5A30005A297C /* Bugsnag Notifier-Prefix.pch */ = {isa = PBXFileReference; fileEncoding = 4; lastKnownFileType = sourcecode.c.h; name = "Bugsnag Notifier-Prefix.pch"; path = "Bugsnag Notifier Test/Bugsnag Notifier-Prefix.pch"; sourceTree = SOURCE_ROOT; };
		F48304A51671F2B800310C2C /* SystemConfiguration.framework */ = {isa = PBXFileReference; lastKnownFileType = wrapper.framework; name = SystemConfiguration.framework; path = System/Library/Frameworks/SystemConfiguration.framework; sourceTree = SDKROOT; };
		F4A4859B16AA0E2500CAD26D /* Default-568h@2x.png */ = {isa = PBXFileReference; lastKnownFileType = image.png; path = "Default-568h@2x.png"; sourceTree = "<group>"; };
		F4E0562116AA4CC50047503D /* Bugsnag.h */ = {isa = PBXFileReference; fileEncoding = 4; lastKnownFileType = sourcecode.c.h; path = Bugsnag.h; sourceTree = "<group>"; };
		F4E0562216AA4CC50047503D /* Bugsnag.m */ = {isa = PBXFileReference; fileEncoding = 4; lastKnownFileType = sourcecode.c.objc; path = Bugsnag.m; sourceTree = "<group>"; };
		F4E0562316AA4CC50047503D /* BugsnagEvent.h */ = {isa = PBXFileReference; fileEncoding = 4; lastKnownFileType = sourcecode.c.h; path = BugsnagEvent.h; sourceTree = "<group>"; };
		F4E0562416AA4CC50047503D /* BugsnagEvent.m */ = {isa = PBXFileReference; fileEncoding = 4; lastKnownFileType = sourcecode.c.objc; path = BugsnagEvent.m; sourceTree = "<group>"; };
		F4E0562516AA4CC50047503D /* BugsnagLogging.h */ = {isa = PBXFileReference; fileEncoding = 4; lastKnownFileType = sourcecode.c.h; path = BugsnagLogging.h; sourceTree = "<group>"; };
		F4E0562616AA4CC50047503D /* BugsnagMetaData.h */ = {isa = PBXFileReference; fileEncoding = 4; lastKnownFileType = sourcecode.c.h; path = BugsnagMetaData.h; sourceTree = "<group>"; };
		F4E0562716AA4CC50047503D /* BugsnagMetaData.m */ = {isa = PBXFileReference; fileEncoding = 4; lastKnownFileType = sourcecode.c.objc; path = BugsnagMetaData.m; sourceTree = "<group>"; };
		F4E0562816AA4CC50047503D /* BugsnagNotifier.h */ = {isa = PBXFileReference; fileEncoding = 4; lastKnownFileType = sourcecode.c.h; path = BugsnagNotifier.h; sourceTree = "<group>"; };
		F4E0562916AA4CC50047503D /* BugsnagNotifier.m */ = {isa = PBXFileReference; fileEncoding = 4; lastKnownFileType = sourcecode.c.objc; path = BugsnagNotifier.m; sourceTree = "<group>"; };
		F4E0562A16AA4CC50047503D /* BugsnagPrivate.h */ = {isa = PBXFileReference; fileEncoding = 4; lastKnownFileType = sourcecode.c.h; path = BugsnagPrivate.h; sourceTree = "<group>"; };
		F4E0562C16AA4CC50047503D /* NSDictionary+BSJSON.h */ = {isa = PBXFileReference; fileEncoding = 4; lastKnownFileType = sourcecode.c.h; path = "NSDictionary+BSJSON.h"; sourceTree = "<group>"; };
		F4E0562D16AA4CC50047503D /* NSDictionary+BSJSON.m */ = {isa = PBXFileReference; fileEncoding = 4; lastKnownFileType = sourcecode.c.objc; path = "NSDictionary+BSJSON.m"; sourceTree = "<group>"; };
		F4E0562E16AA4CC50047503D /* NSMutableDictionary+BSMerge.h */ = {isa = PBXFileReference; fileEncoding = 4; lastKnownFileType = sourcecode.c.h; path = "NSMutableDictionary+BSMerge.h"; sourceTree = "<group>"; };
		F4E0562F16AA4CC50047503D /* NSMutableDictionary+BSMerge.m */ = {isa = PBXFileReference; fileEncoding = 4; lastKnownFileType = sourcecode.c.objc; path = "NSMutableDictionary+BSMerge.m"; sourceTree = "<group>"; };
		F4E0563016AA4CC50047503D /* NSNumber+BSDuration.h */ = {isa = PBXFileReference; fileEncoding = 4; lastKnownFileType = sourcecode.c.h; path = "NSNumber+BSDuration.h"; sourceTree = "<group>"; };
		F4E0563116AA4CC50047503D /* NSNumber+BSDuration.m */ = {isa = PBXFileReference; fileEncoding = 4; lastKnownFileType = sourcecode.c.objc; path = "NSNumber+BSDuration.m"; sourceTree = "<group>"; };
		F4E0563216AA4CC50047503D /* NSNumber+BSFileSizes.h */ = {isa = PBXFileReference; fileEncoding = 4; lastKnownFileType = sourcecode.c.h; path = "NSNumber+BSFileSizes.h"; sourceTree = "<group>"; };
		F4E0563316AA4CC50047503D /* NSNumber+BSFileSizes.m */ = {isa = PBXFileReference; fileEncoding = 4; lastKnownFileType = sourcecode.c.objc; path = "NSNumber+BSFileSizes.m"; sourceTree = "<group>"; };
		F4E0563416AA4CC50047503D /* UIDevice+BSStats.h */ = {isa = PBXFileReference; fileEncoding = 4; lastKnownFileType = sourcecode.c.h; path = "UIDevice+BSStats.h"; sourceTree = "<group>"; };
		F4E0563516AA4CC50047503D /* UIDevice+BSStats.m */ = {isa = PBXFileReference; fileEncoding = 4; lastKnownFileType = sourcecode.c.objc; path = "UIDevice+BSStats.m"; sourceTree = "<group>"; };
		F4E0563616AA4CC50047503D /* UIViewController+BSVisibility.h */ = {isa = PBXFileReference; fileEncoding = 4; lastKnownFileType = sourcecode.c.h; path = "UIViewController+BSVisibility.h"; sourceTree = "<group>"; };
		F4E0563716AA4CC50047503D /* UIViewController+BSVisibility.m */ = {isa = PBXFileReference; fileEncoding = 4; lastKnownFileType = sourcecode.c.objc; path = "UIViewController+BSVisibility.m"; sourceTree = "<group>"; };
		F4E0563916AA4CC50047503D /* Reachability.h */ = {isa = PBXFileReference; fileEncoding = 4; lastKnownFileType = sourcecode.c.h; path = Reachability.h; sourceTree = "<group>"; };
		F4E0563A16AA4CC50047503D /* Reachability.m */ = {isa = PBXFileReference; fileEncoding = 4; lastKnownFileType = sourcecode.c.objc; path = Reachability.m; sourceTree = "<group>"; };
/* End PBXFileReference section */

/* Begin PBXFrameworksBuildPhase section */
		93F1E921142C5662005A297C /* Frameworks */ = {
			isa = PBXFrameworksBuildPhase;
			buildActionMask = 2147483647;
			files = (
				F48304A61671F2B800310C2C /* SystemConfiguration.framework in Frameworks */,
				93F1E929142C5662005A297C /* UIKit.framework in Frameworks */,
				93F1E92B142C5662005A297C /* Foundation.framework in Frameworks */,
				93F1E92D142C5662005A297C /* CoreGraphics.framework in Frameworks */,
			);
			runOnlyForDeploymentPostprocessing = 0;
		};
/* End PBXFrameworksBuildPhase section */

/* Begin PBXGroup section */
		93F1E919142C5662005A297C = {
			isa = PBXGroup;
			children = (
				F4E0562016AA4CC50047503D /* Bugsnag Plugin */,
				F4A4859B16AA0E2500CAD26D /* Default-568h@2x.png */,
				93F1E92E142C5662005A297C /* Bugsnag Notifier Test */,
				93F1E927142C5662005A297C /* Frameworks */,
				93F1E925142C5662005A297C /* Products */,
			);
			sourceTree = "<group>";
		};
		93F1E925142C5662005A297C /* Products */ = {
			isa = PBXGroup;
			children = (
				93F1E924142C5662005A297C /* Bugsnag Notifier.app */,
			);
			name = Products;
			sourceTree = "<group>";
		};
		93F1E927142C5662005A297C /* Frameworks */ = {
			isa = PBXGroup;
			children = (
				F48304A51671F2B800310C2C /* SystemConfiguration.framework */,
				93F1E928142C5662005A297C /* UIKit.framework */,
				93F1E92A142C5662005A297C /* Foundation.framework */,
				93F1E92C142C5662005A297C /* CoreGraphics.framework */,
			);
			name = Frameworks;
			sourceTree = "<group>";
		};
		93F1E92E142C5662005A297C /* Bugsnag Notifier Test */ = {
			isa = PBXGroup;
			children = (
				93F1E957142C5A07005A297C /* Bugsnag_NotifierViewController.xib */,
				93F1E959142C5A07005A297C /* MainWindow.xib */,
				93F1E950142C59EA005A297C /* Bugsnag_NotifierAppDelegate.h */,
				93F1E951142C59EA005A297C /* Bugsnag_NotifierAppDelegate.m */,
				93F1E952142C59EA005A297C /* Bugsnag_NotifierViewController.h */,
				93F1E953142C59EA005A297C /* Bugsnag_NotifierViewController.m */,
				93F1E92F142C5662005A297C /* Supporting Files */,
			);
			name = "Bugsnag Notifier Test";
			path = "Bugsnag Notifier";
			sourceTree = "<group>";
		};
		93F1E92F142C5662005A297C /* Supporting Files */ = {
			isa = PBXGroup;
			children = (
				93F1E95D142C5A15005A297C /* InfoPlist.strings */,
				93F1E962142C5A30005A297C /* Bugsnag Notifier-Info.plist */,
				93F1E963142C5A30005A297C /* Bugsnag Notifier-Prefix.pch */,
				93F1E960142C5A22005A297C /* main.m */,
			);
			name = "Supporting Files";
			sourceTree = "<group>";
		};
		F4E0562016AA4CC50047503D /* Bugsnag Plugin */ = {
			isa = PBXGroup;
			children = (
				F4E0562116AA4CC50047503D /* Bugsnag.h */,
				F4E0562216AA4CC50047503D /* Bugsnag.m */,
				F4E0562316AA4CC50047503D /* BugsnagEvent.h */,
				F4E0562416AA4CC50047503D /* BugsnagEvent.m */,
				F4E0562516AA4CC50047503D /* BugsnagLogging.h */,
				F4E0562616AA4CC50047503D /* BugsnagMetaData.h */,
				F4E0562716AA4CC50047503D /* BugsnagMetaData.m */,
				F4E0562816AA4CC50047503D /* BugsnagNotifier.h */,
				F4E0562916AA4CC50047503D /* BugsnagNotifier.m */,
				F4E0562A16AA4CC50047503D /* BugsnagPrivate.h */,
				F4E0562B16AA4CC50047503D /* Categories */,
				F4E0563816AA4CC50047503D /* Dependencies */,
			);
			path = "Bugsnag Plugin";
			sourceTree = "<group>";
		};
		F4E0562B16AA4CC50047503D /* Categories */ = {
			isa = PBXGroup;
			children = (
				F4E0562C16AA4CC50047503D /* NSDictionary+BSJSON.h */,
				F4E0562D16AA4CC50047503D /* NSDictionary+BSJSON.m */,
				F4E0562E16AA4CC50047503D /* NSMutableDictionary+BSMerge.h */,
				F4E0562F16AA4CC50047503D /* NSMutableDictionary+BSMerge.m */,
				F4E0563016AA4CC50047503D /* NSNumber+BSDuration.h */,
				F4E0563116AA4CC50047503D /* NSNumber+BSDuration.m */,
				F4E0563216AA4CC50047503D /* NSNumber+BSFileSizes.h */,
				F4E0563316AA4CC50047503D /* NSNumber+BSFileSizes.m */,
				F4E0563416AA4CC50047503D /* UIDevice+BSStats.h */,
				F4E0563516AA4CC50047503D /* UIDevice+BSStats.m */,
				F4E0563616AA4CC50047503D /* UIViewController+BSVisibility.h */,
				F4E0563716AA4CC50047503D /* UIViewController+BSVisibility.m */,
			);
			path = Categories;
			sourceTree = "<group>";
		};
		F4E0563816AA4CC50047503D /* Dependencies */ = {
			isa = PBXGroup;
			children = (
				F4E0563916AA4CC50047503D /* Reachability.h */,
				F4E0563A16AA4CC50047503D /* Reachability.m */,
			);
			path = Dependencies;
			sourceTree = "<group>";
		};
/* End PBXGroup section */

/* Begin PBXNativeTarget section */
		93F1E923142C5662005A297C /* Bugsnag Notifier */ = {
			isa = PBXNativeTarget;
			buildConfigurationList = 93F1E945142C5662005A297C /* Build configuration list for PBXNativeTarget "Bugsnag Notifier" */;
			buildPhases = (
				93F1E920142C5662005A297C /* Sources */,
				93F1E921142C5662005A297C /* Frameworks */,
				93F1E922142C5662005A297C /* Resources */,
			);
			buildRules = (
			);
			dependencies = (
			);
			name = "Bugsnag Notifier";
			productName = "Bugsnag Notifier";
			productReference = 93F1E924142C5662005A297C /* Bugsnag Notifier.app */;
			productType = "com.apple.product-type.application";
		};
/* End PBXNativeTarget section */

/* Begin PBXProject section */
		93F1E91B142C5662005A297C /* Project object */ = {
			isa = PBXProject;
			attributes = {
				LastUpgradeCheck = 0430;
			};
			buildConfigurationList = 93F1E91E142C5662005A297C /* Build configuration list for PBXProject "Bugsnag Notifier" */;
			compatibilityVersion = "Xcode 3.2";
			developmentRegion = English;
			hasScannedForEncodings = 0;
			knownRegions = (
				en,
			);
			mainGroup = 93F1E919142C5662005A297C;
			productRefGroup = 93F1E925142C5662005A297C /* Products */;
			projectDirPath = "";
			projectRoot = "";
			targets = (
				93F1E923142C5662005A297C /* Bugsnag Notifier */,
			);
		};
/* End PBXProject section */

/* Begin PBXResourcesBuildPhase section */
		93F1E922142C5662005A297C /* Resources */ = {
			isa = PBXResourcesBuildPhase;
			buildActionMask = 2147483647;
			files = (
				93F1E95B142C5A07005A297C /* Bugsnag_NotifierViewController.xib in Resources */,
				93F1E95C142C5A07005A297C /* MainWindow.xib in Resources */,
				93F1E95F142C5A15005A297C /* InfoPlist.strings in Resources */,
				F4A4859C16AA0E2500CAD26D /* Default-568h@2x.png in Resources */,
			);
			runOnlyForDeploymentPostprocessing = 0;
		};
/* End PBXResourcesBuildPhase section */

/* Begin PBXSourcesBuildPhase section */
		93F1E920142C5662005A297C /* Sources */ = {
			isa = PBXSourcesBuildPhase;
			buildActionMask = 2147483647;
			files = (
				93F1E954142C59EA005A297C /* Bugsnag_NotifierAppDelegate.m in Sources */,
				93F1E955142C59EA005A297C /* Bugsnag_NotifierViewController.m in Sources */,
				93F1E961142C5A22005A297C /* main.m in Sources */,
				F4E0563B16AA4CC50047503D /* Bugsnag.m in Sources */,
				F4E0563C16AA4CC50047503D /* BugsnagEvent.m in Sources */,
				F4E0563D16AA4CC50047503D /* BugsnagMetaData.m in Sources */,
				F4E0563E16AA4CC50047503D /* BugsnagNotifier.m in Sources */,
				F4E0563F16AA4CC50047503D /* NSDictionary+BSJSON.m in Sources */,
				F4E0564016AA4CC50047503D /* NSMutableDictionary+BSMerge.m in Sources */,
				F4E0564116AA4CC50047503D /* NSNumber+BSDuration.m in Sources */,
				F4E0564216AA4CC50047503D /* NSNumber+BSFileSizes.m in Sources */,
				F4E0564316AA4CC50047503D /* UIDevice+BSStats.m in Sources */,
				F4E0564416AA4CC50047503D /* UIViewController+BSVisibility.m in Sources */,
				F4E0564516AA4CC50047503D /* Reachability.m in Sources */,
			);
			runOnlyForDeploymentPostprocessing = 0;
		};
/* End PBXSourcesBuildPhase section */

/* Begin PBXVariantGroup section */
		93F1E957142C5A07005A297C /* Bugsnag_NotifierViewController.xib */ = {
			isa = PBXVariantGroup;
			children = (
				93F1E958142C5A07005A297C /* en */,
			);
			name = Bugsnag_NotifierViewController.xib;
			sourceTree = "<group>";
		};
		93F1E959142C5A07005A297C /* MainWindow.xib */ = {
			isa = PBXVariantGroup;
			children = (
				93F1E95A142C5A07005A297C /* en */,
			);
			name = MainWindow.xib;
			sourceTree = "<group>";
		};
		93F1E95D142C5A15005A297C /* InfoPlist.strings */ = {
			isa = PBXVariantGroup;
			children = (
				93F1E95E142C5A15005A297C /* en */,
			);
			name = InfoPlist.strings;
			sourceTree = "<group>";
		};
/* End PBXVariantGroup section */

/* Begin XCBuildConfiguration section */
		93F1E943142C5662005A297C /* Debug */ = {
			isa = XCBuildConfiguration;
			buildSettings = {
				ALWAYS_SEARCH_USER_PATHS = NO;
				ARCHS = "$(ARCHS_STANDARD_32_BIT)";
				"CODE_SIGN_IDENTITY[sdk=iphoneos*]" = "iPhone Developer";
				COPY_PHASE_STRIP = NO;
				DEPLOYMENT_POSTPROCESSING = NO;
				GCC_C_LANGUAGE_STANDARD = gnu99;
				GCC_DYNAMIC_NO_PIC = NO;
				GCC_OPTIMIZATION_LEVEL = 0;
				GCC_PREPROCESSOR_DEFINITIONS = (
					"DEBUG=1",
					"$(inherited)",
				);
				GCC_SYMBOLS_PRIVATE_EXTERN = NO;
				GCC_VERSION = com.apple.compilers.llvmgcc42;
				GCC_WARN_ABOUT_MISSING_PROTOTYPES = YES;
				GCC_WARN_ABOUT_RETURN_TYPE = YES;
				GCC_WARN_UNUSED_VARIABLE = YES;
				IPHONEOS_DEPLOYMENT_TARGET = 4.3;
				SDKROOT = iphoneos;
				STRIP_INSTALLED_PRODUCT = NO;
			};
			name = Debug;
		};
		93F1E944142C5662005A297C /* Release */ = {
			isa = XCBuildConfiguration;
			buildSettings = {
				ALWAYS_SEARCH_USER_PATHS = NO;
				ARCHS = "$(ARCHS_STANDARD_32_BIT)";
				"CODE_SIGN_IDENTITY[sdk=iphoneos*]" = "iPhone Developer";
				COPY_PHASE_STRIP = NO;
				DEPLOYMENT_POSTPROCESSING = NO;
				GCC_C_LANGUAGE_STANDARD = gnu99;
				GCC_VERSION = com.apple.compilers.llvmgcc42;
				GCC_WARN_ABOUT_MISSING_PROTOTYPES = YES;
				GCC_WARN_ABOUT_RETURN_TYPE = YES;
				GCC_WARN_UNUSED_VARIABLE = YES;
				IPHONEOS_DEPLOYMENT_TARGET = 4.3;
				OTHER_CFLAGS = "-DNS_BLOCK_ASSERTIONS=1";
				SDKROOT = iphoneos;
				STRIP_INSTALLED_PRODUCT = NO;
				VALIDATE_PRODUCT = YES;
			};
			name = Release;
		};
		93F1E946142C5662005A297C /* Debug */ = {
			isa = XCBuildConfiguration;
			buildSettings = {
				ARCHS = "$(ARCHS_STANDARD_32_BIT)";
				CLANG_ENABLE_OBJC_ARC = YES;
				CLANG_WARN_OBJCPP_ARC_ABI = YES;
				COPY_PHASE_STRIP = NO;
				DEPLOYMENT_POSTPROCESSING = NO;
				GCC_PRECOMPILE_PREFIX_HEADER = YES;
				GCC_PREFIX_HEADER = "Bugsnag Notifier Test/Bugsnag Notifier-Prefix.pch";
				GCC_VERSION = com.apple.compilers.llvm.clang.1_0;
				INFOPLIST_FILE = "Bugsnag Notifier Test/Bugsnag Notifier-Info.plist";
				IPHONEOS_DEPLOYMENT_TARGET = 3.0;
				PRODUCT_NAME = "Bugsnag Notifier";
				STRIP_INSTALLED_PRODUCT = NO;
				VALID_ARCHS = "armv7 armv7s";
				WRAPPER_EXTENSION = app;
			};
			name = Debug;
		};
		93F1E947142C5662005A297C /* Release */ = {
			isa = XCBuildConfiguration;
			buildSettings = {
				ARCHS = "$(ARCHS_STANDARD_32_BIT)";
				CLANG_ENABLE_OBJC_ARC = YES;
				CLANG_WARN_OBJCPP_ARC_ABI = YES;
				COPY_PHASE_STRIP = NO;
				DEPLOYMENT_POSTPROCESSING = NO;
				GCC_PRECOMPILE_PREFIX_HEADER = YES;
				GCC_PREFIX_HEADER = "Bugsnag Notifier Test/Bugsnag Notifier-Prefix.pch";
				GCC_VERSION = com.apple.compilers.llvm.clang.1_0;
				INFOPLIST_FILE = "Bugsnag Notifier Test/Bugsnag Notifier-Info.plist";
				IPHONEOS_DEPLOYMENT_TARGET = 3.0;
				PRODUCT_NAME = "Bugsnag Notifier";
				STRIP_INSTALLED_PRODUCT = NO;
				VALID_ARCHS = "armv7 armv7s";
				WRAPPER_EXTENSION = app;
			};
			name = Release;
		};
/* End XCBuildConfiguration section */

/* Begin XCConfigurationList section */
		93F1E91E142C5662005A297C /* Build configuration list for PBXProject "Bugsnag Notifier" */ = {
			isa = XCConfigurationList;
			buildConfigurations = (
				93F1E943142C5662005A297C /* Debug */,
				93F1E944142C5662005A297C /* Release */,
			);
			defaultConfigurationIsVisible = 0;
			defaultConfigurationName = Release;
		};
		93F1E945142C5662005A297C /* Build configuration list for PBXNativeTarget "Bugsnag Notifier" */ = {
			isa = XCConfigurationList;
			buildConfigurations = (
				93F1E946142C5662005A297C /* Debug */,
				93F1E947142C5662005A297C /* Release */,
			);
			defaultConfigurationIsVisible = 0;
			defaultConfigurationName = Release;
		};
/* End XCConfigurationList section */
	};
	rootObject = 93F1E91B142C5662005A297C /* Project object */;
}
